
Microsoft Visual Studio Solution File, Format Version 12.00
# Visual Studio 15
VisualStudioVersion = 15.0.26730.8
MinimumVisualStudioVersion = 10.0.40219.1
Project("{9A19103F-16F7-4668-BE54-9A1E7A4F7556}") = "Surpass.Web", "Surpass.Web\Surpass.Web.csproj", "{2E468A83-81AA-436D-A456-240A3150BFED}"
EndProject
Project("{2150E333-8FDC-42A3-9474-1A3956D46DE8}") = "3 领域层(Domain)", "3 领域层(Domain)", "{33821F93-935A-4F9F-ADEA-366FDE6AA0AB}"
EndProject
Project("{9A19103F-16F7-4668-BE54-9A1E7A4F7556}") = "Surpass.Domain", "Surpass.Entities\Surpass.Domain.csproj", "{7BCD8AEF-3FA4-43CA-B1F6-7719C41D67B0}"
EndProject
Project("{2150E333-8FDC-42A3-9474-1A3956D46DE8}") = "2 应用层(Application)", "2 应用层(Application)", "{47AA238A-98E9-4E91-ABB2-31F9E92B378B}"
EndProject
Project("{2150E333-8FDC-42A3-9474-1A3956D46DE8}") = "4 功能适配层", "4 功能适配层", "{4B838B91-88DD-4FA2-9A51-FFA9049692DD}"
EndProject
Project("{9A19103F-16F7-4668-BE54-9A1E7A4F7556}") = "Surpass.Repository", "Surpass.Repository\Surpass.Repository.csproj", "{43338163-7282-4290-BB4B-4141CCB41D60}"
EndProject
Project("{9A19103F-16F7-4668-BE54-9A1E7A4F7556}") = "Surpass.Infrastructure", "Surpass.Infrastructure\Surpass.Infrastructure.csproj", "{028D46C3-E383-41A2-9C3F-9DE2BBB1E22B}"
EndProject
Project("{2150E333-8FDC-42A3-9474-1A3956D46DE8}") = "1 UI层(Presentation)", "1 UI层(Presentation)", "{624E3751-9FD5-4AC8-A5B6-EE5DC915469E}"
EndProject
Project("{FAE04EC0-301F-11D3-BF4B-00C04F79EFBC}") = "Surpass.App", "Surpass.App\Surpass.App.csproj", "{B7D76B96-0C84-40EA-AA6E-B4D97B7360C9}"
EndProject
Global
	GlobalSection(SolutionConfigurationPlatforms) = preSolution
		Debug|Any CPU = Debug|Any CPU
		Release|Any CPU = Release|Any CPU
	EndGlobalSection
	GlobalSection(ProjectConfigurationPlatforms) = postSolution
		{2E468A83-81AA-436D-A456-240A3150BFED}.Debug|Any CPU.ActiveCfg = Debug|Any CPU
		{2E468A83-81AA-436D-A456-240A3150BFED}.Debug|Any CPU.Build.0 = Debug|Any CPU
		{2E468A83-81AA-436D-A456-240A3150BFED}.Release|Any CPU.ActiveCfg = Release|Any CPU
		{2E468A83-81AA-436D-A456-240A3150BFED}.Release|Any CPU.Build.0 = Release|Any CPU
		{7BCD8AEF-3FA4-43CA-B1F6-7719C41D67B0}.Debug|Any CPU.ActiveCfg = Debug|Any CPU
		{7BCD8AEF-3FA4-43CA-B1F6-7719C41D67B0}.Debug|Any CPU.Build.0 = Debug|Any CPU
		{7BCD8AEF-3FA4-43CA-B1F6-7719C41D67B0}.Release|Any CPU.ActiveCfg = Release|Any CPU
		{7BCD8AEF-3FA4-43CA-B1F6-7719C41D67B0}.Release|Any CPU.Build.0 = Release|Any CPU
		{43338163-7282-4290-BB4B-4141CCB41D60}.Debug|Any CPU.ActiveCfg = Debug|Any CPU
		{43338163-7282-4290-BB4B-4141CCB41D60}.Debug|Any CPU.Build.0 = Debug|Any CPU
		{43338163-7282-4290-BB4B-4141CCB41D60}.Release|Any CPU.ActiveCfg = Release|Any CPU
		{43338163-7282-4290-BB4B-4141CCB41D60}.Release|Any CPU.Build.0 = Release|Any CPU
		{028D46C3-E383-41A2-9C3F-9DE2BBB1E22B}.Debug|Any CPU.ActiveCfg = Debug|Any CPU
		{028D46C3-E383-41A2-9C3F-9DE2BBB1E22B}.Debug|Any CPU.Build.0 = Debug|Any CPU
		{028D46C3-E383-41A2-9C3F-9DE2BBB1E22B}.Release|Any CPU.ActiveCfg = Release|Any CPU
		{028D46C3-E383-41A2-9C3F-9DE2BBB1E22B}.Release|Any CPU.Build.0 = Release|Any CPU
		{B7D76B96-0C84-40EA-AA6E-B4D97B7360C9}.Debug|Any CPU.ActiveCfg = Debug|Any CPU
		{B7D76B96-0C84-40EA-AA6E-B4D97B7360C9}.Debug|Any CPU.Build.0 = Debug|Any CPU
		{B7D76B96-0C84-40EA-AA6E-B4D97B7360C9}.Release|Any CPU.ActiveCfg = Release|Any CPU
		{B7D76B96-0C84-40EA-AA6E-B4D97B7360C9}.Release|Any CPU.Build.0 = Release|Any CPU
	EndGlobalSection
	GlobalSection(SolutionProperties) = preSolution
		HideSolutionNode = FALSE
	EndGlobalSection
	GlobalSection(NestedProjects) = preSolution
		{2E468A83-81AA-436D-A456-240A3150BFED} = {624E3751-9FD5-4AC8-A5B6-EE5DC915469E}
		{7BCD8AEF-3FA4-43CA-B1F6-7719C41D67B0} = {33821F93-935A-4F9F-ADEA-366FDE6AA0AB}
		{43338163-7282-4290-BB4B-4141CCB41D60} = {4B838B91-88DD-4FA2-9A51-FFA9049692DD}
		{028D46C3-E383-41A2-9C3F-9DE2BBB1E22B} = {4B838B91-88DD-4FA2-9A51-FFA9049692DD}
		{B7D76B96-0C84-40EA-AA6E-B4D97B7360C9} = {47AA238A-98E9-4E91-ABB2-31F9E92B378B}
	EndGlobalSection
	GlobalSection(ExtensibilityGlobals) = postSolution
		SolutionGuid = {074CA11B-99E3-4AF6-A057-C3C68DA94251}
	EndGlobalSection
EndGlobal
