
Microsoft Visual Studio Solution File, Format Version 12.00
# Visual Studio 15
VisualStudioVersion = 15.0.26730.15
MinimumVisualStudioVersion = 10.0.40219.1
Project("{9A19103F-16F7-4668-BE54-9A1E7A4F7556}") = "Surpass.App", "Surpass.App\Surpass.App.csproj", "{6BAB0087-464A-401A-82A0-6E2DB008412C}"
EndProject
Project("{9A19103F-16F7-4668-BE54-9A1E7A4F7556}") = "Surpass.Web", "Surpass.Web\Surpass.Web.csproj", "{9BD5EC3E-7170-4BD8-AFF9-FC1819654E90}"
EndProject
Project("{9A19103F-16F7-4668-BE54-9A1E7A4F7556}") = "Surpass", "Surpass\Surpass.csproj", "{FC7061C2-E431-44D9-B3CE-E5CE6555C440}"
EndProject
Project("{9A19103F-16F7-4668-BE54-9A1E7A4F7556}") = "Surpass.ORM.EFCore", "Surpass.ORM.EFCore\Surpass.ORM.EFCore.csproj", "{1548E3D5-6A72-4C40-9F3D-C4AD719A805A}"
EndProject
Project("{2150E333-8FDC-42A3-9474-1A3956D46DE8}") = "1.UI（Presentation）", "1.UI（Presentation）", "{741BF69E-8CAE-4A01-9940-94C52E73AA48}"
EndProject
Project("{2150E333-8FDC-42A3-9474-1A3956D46DE8}") = "2.应用层（Application）", "2.应用层（Application）", "{504E9503-89D8-476B-A2BF-94F50590473A}"
EndProject
Project("{2150E333-8FDC-42A3-9474-1A3956D46DE8}") = "3.领域层（Domain）", "3.领域层（Domain）", "{B7545781-CD5B-4DAC-BC68-9059ECFF735D}"
EndProject
Project("{2150E333-8FDC-42A3-9474-1A3956D46DE8}") = "4.基础设施层（Infrastructure）", "4.基础设施层（Infrastructure）", "{9678D0A1-8A1C-4C73-A762-4955E72289FD}"
EndProject
Project("{9A19103F-16F7-4668-BE54-9A1E7A4F7556}") = "SurpassStandard", "SurpassStandard\SurpassStandard.csproj", "{0AEFB330-5D1A-416C-9855-A549FB43633C}"
EndProject
Project("{9A19103F-16F7-4668-BE54-9A1E7A4F7556}") = "Surpass.Domain", "Surpass.Domain\Surpass.Domain.csproj", "{CD5A5184-4A8C-4748-8B54-AC3C97C7A17D}"
EndProject
Global
	GlobalSection(SolutionConfigurationPlatforms) = preSolution
		Debug|Any CPU = Debug|Any CPU
		Release|Any CPU = Release|Any CPU
	EndGlobalSection
	GlobalSection(ProjectConfigurationPlatforms) = postSolution
		{6BAB0087-464A-401A-82A0-6E2DB008412C}.Debug|Any CPU.ActiveCfg = Debug|Any CPU
		{6BAB0087-464A-401A-82A0-6E2DB008412C}.Debug|Any CPU.Build.0 = Debug|Any CPU
		{6BAB0087-464A-401A-82A0-6E2DB008412C}.Release|Any CPU.ActiveCfg = Release|Any CPU
		{6BAB0087-464A-401A-82A0-6E2DB008412C}.Release|Any CPU.Build.0 = Release|Any CPU
		{9BD5EC3E-7170-4BD8-AFF9-FC1819654E90}.Debug|Any CPU.ActiveCfg = Debug|Any CPU
		{9BD5EC3E-7170-4BD8-AFF9-FC1819654E90}.Debug|Any CPU.Build.0 = Debug|Any CPU
		{9BD5EC3E-7170-4BD8-AFF9-FC1819654E90}.Release|Any CPU.ActiveCfg = Release|Any CPU
		{9BD5EC3E-7170-4BD8-AFF9-FC1819654E90}.Release|Any CPU.Build.0 = Release|Any CPU
		{FC7061C2-E431-44D9-B3CE-E5CE6555C440}.Debug|Any CPU.ActiveCfg = Debug|Any CPU
		{FC7061C2-E431-44D9-B3CE-E5CE6555C440}.Debug|Any CPU.Build.0 = Debug|Any CPU
		{FC7061C2-E431-44D9-B3CE-E5CE6555C440}.Release|Any CPU.ActiveCfg = Release|Any CPU
		{FC7061C2-E431-44D9-B3CE-E5CE6555C440}.Release|Any CPU.Build.0 = Release|Any CPU
		{1548E3D5-6A72-4C40-9F3D-C4AD719A805A}.Debug|Any CPU.ActiveCfg = Debug|Any CPU
		{1548E3D5-6A72-4C40-9F3D-C4AD719A805A}.Debug|Any CPU.Build.0 = Debug|Any CPU
		{1548E3D5-6A72-4C40-9F3D-C4AD719A805A}.Release|Any CPU.ActiveCfg = Release|Any CPU
		{1548E3D5-6A72-4C40-9F3D-C4AD719A805A}.Release|Any CPU.Build.0 = Release|Any CPU
		{0AEFB330-5D1A-416C-9855-A549FB43633C}.Debug|Any CPU.ActiveCfg = Debug|Any CPU
		{0AEFB330-5D1A-416C-9855-A549FB43633C}.Debug|Any CPU.Build.0 = Debug|Any CPU
		{0AEFB330-5D1A-416C-9855-A549FB43633C}.Release|Any CPU.ActiveCfg = Release|Any CPU
		{0AEFB330-5D1A-416C-9855-A549FB43633C}.Release|Any CPU.Build.0 = Release|Any CPU
		{CD5A5184-4A8C-4748-8B54-AC3C97C7A17D}.Debug|Any CPU.ActiveCfg = Debug|Any CPU
		{CD5A5184-4A8C-4748-8B54-AC3C97C7A17D}.Debug|Any CPU.Build.0 = Debug|Any CPU
		{CD5A5184-4A8C-4748-8B54-AC3C97C7A17D}.Release|Any CPU.ActiveCfg = Release|Any CPU
		{CD5A5184-4A8C-4748-8B54-AC3C97C7A17D}.Release|Any CPU.Build.0 = Release|Any CPU
	EndGlobalSection
	GlobalSection(SolutionProperties) = preSolution
		HideSolutionNode = FALSE
	EndGlobalSection
	GlobalSection(NestedProjects) = preSolution
		{6BAB0087-464A-401A-82A0-6E2DB008412C} = {504E9503-89D8-476B-A2BF-94F50590473A}
		{9BD5EC3E-7170-4BD8-AFF9-FC1819654E90} = {741BF69E-8CAE-4A01-9940-94C52E73AA48}
		{FC7061C2-E431-44D9-B3CE-E5CE6555C440} = {9678D0A1-8A1C-4C73-A762-4955E72289FD}
		{1548E3D5-6A72-4C40-9F3D-C4AD719A805A} = {9678D0A1-8A1C-4C73-A762-4955E72289FD}
		{0AEFB330-5D1A-416C-9855-A549FB43633C} = {9678D0A1-8A1C-4C73-A762-4955E72289FD}
		{CD5A5184-4A8C-4748-8B54-AC3C97C7A17D} = {B7545781-CD5B-4DAC-BC68-9059ECFF735D}
	EndGlobalSection
	GlobalSection(ExtensibilityGlobals) = postSolution
		SolutionGuid = {D8263BE0-D367-46F8-814B-FC2241999044}
	EndGlobalSection
EndGlobal
